hash: 5f4682d17325ec9ec33787163049d65f03ee4115059592c454a747aa81b5712e
updated: 2017-04-09T14:44:20.208725325+08:00
imports:
- name: github.com/andybalholm/cascadia
  version: 349dd0209470eabd9514242c688c403c0926d266
- name: github.com/PuerkitoBio/goquery
  version: ed7d758e9a34ba1f55e8084e0d731448b46921a8
- name: github.com/sidbusy/weixinmp
  version: 60f690ec753ac5e3c6385c7bb5e6998d4c493bfe
- name: golang.org/x/net
  version: d1e1b351919c6738fdeb9893d5c998b161464f0c
  subpackages:
  - html
  - html/atom
testImports: []
